{
  "version": 4,
  "terraform_version": "0.12.29",
  "serial": 31,
  "lineage": "800e1175-1f17-4e14-da9d-8ea37722142e",
  "outputs": {},
  "resources": [
    {
      "mode": "managed",
      "type": "aws_instance",
      "name": "vpn_instnace",
      "provider": "provider.aws",
      "instances": [
        {
          "schema_version": 1,
          "attributes": {
            "ami": "ami-0e169fa5b2b2f88ae",
            "arn": "arn:aws:ec2:eu-west-2:411251085266:instance/i-0fcef8819aad3c8bc",
            "associate_public_ip_address": true,
            "availability_zone": "eu-west-2a",
            "cpu_core_count": 1,
            "cpu_threads_per_core": 1,
            "credit_specification": [
              {
                "cpu_credits": "standard"
              }
            ],
            "disable_api_termination": false,
            "ebs_block_device": [],
            "ebs_optimized": false,
            "ephemeral_block_device": [],
            "get_password_data": false,
            "hibernation": false,
            "host_id": null,
            "iam_instance_profile": "",
            "id": "i-0fcef8819aad3c8bc",
            "instance_initiated_shutdown_behavior": null,
            "instance_state": "running",
            "instance_type": "t2.micro",
            "ipv6_address_count": 0,
            "ipv6_addresses": [],
            "key_name": "terraformvpnr2d2",
            "metadata_options": [
              {
                "http_endpoint": "enabled",
                "http_put_response_hop_limit": 1,
                "http_tokens": "optional"
              }
            ],
            "monitoring": false,
            "network_interface": [],
            "outpost_arn": "",
            "password_data": "",
            "placement_group": "",
            "primary_network_interface_id": "eni-0effdcf55d225ca76",
            "private_dns": "ip-172-31-23-176.eu-west-2.compute.internal",
            "private_ip": "172.31.23.176",
            "public_dns": "ec2-35-178-171-75.eu-west-2.compute.amazonaws.com",
            "public_ip": "35.178.171.75",
            "root_block_device": [
              {
                "delete_on_termination": true,
                "device_name": "/dev/sda1",
                "encrypted": false,
                "iops": 100,
                "kms_key_id": "",
                "volume_id": "vol-041b1e955bdbc381c",
                "volume_size": 8,
                "volume_type": "gp2"
              }
            ],
            "secondary_private_ips": [],
            "security_groups": [
              "vpn"
            ],
            "source_dest_check": true,
            "subnet_id": "subnet-b54acacf",
            "tags": {
              "Name": "Vpn Instance"
            },
            "tenancy": "default",
            "timeouts": null,
            "user_data": null,
            "user_data_base64": null,
            "volume_tags": {},
            "vpc_security_group_ids": [
              "sg-0781285982f61d7d6"
            ]
          },
          "private": "eyJlMmJmYjczMC1lY2FhLTExZTYtOGY4OC0zNDM2M2JjN2M0YzAiOnsiY3JlYXRlIjo2MDAwMDAwMDAwMDAsImRlbGV0ZSI6MTIwMDAwMDAwMDAwMCwidXBkYXRlIjo2MDAwMDAwMDAwMDB9LCJzY2hlbWFfdmVyc2lvbiI6IjEifQ==",
          "dependencies": [
            "aws_security_group.vpn"
          ]
        }
      ]
    },
    {
      "mode": "managed",
      "type": "aws_key_pair",
      "name": "deploy",
      "provider": "provider.aws",
      "instances": [
        {
          "schema_version": 1,
          "attributes": {
            "arn": "arn:aws:ec2:eu-west-2:411251085266:key-pair/terraformvpnr2d2",
            "fingerprint": "91:7a:62:b1:5e:8b:04:09:20:b0:b1:a0:2b:bc:d9:7e",
            "id": "terraformvpnr2d2",
            "key_name": "terraformvpnr2d2",
            "key_name_prefix": null,
            "key_pair_id": "key-059c308725fb36d9c",
            "public_key": "ssh-rsa AAAAB3NzaC1yc2EAAAADAQABAAABAQDoXmBHMI+z1YOx+B/tSWQu8yF5WgIRjdxvTkEOx+I+U6MCL6YnvyJgMAG4gSAh8I9/pAiOpn/JpmXYgwhgWBV6yr8zon4hd5qJM9XJK6MlKJwDD4ag6Qtg/orG3gflf7KObINpjrwyq+LphJf/evs7z34JQoX1qzqg3SkFtesjs9s/qMykwpTaDe4Fr31FMCdyuZEebL51fGBjUZT9XmW0hBKPedaQdGWWpYYRQ1wSIBEt20aWhu1JfdKrr498wjbdLcCOqQ4cS07UcroH7wRPQp/NjYKMD3xYvPFvCUg/BuGK8cenH+aH3Uv9AjYS5CyAYYbNbRN+SzdOaQohUzQv anakin@r2d2",
            "tags": {}
          },
          "private": "eyJzY2hlbWFfdmVyc2lvbiI6IjEifQ=="
        }
      ]
    },
    {
      "mode": "managed",
      "type": "aws_security_group",
      "name": "vpn",
      "provider": "provider.aws",
      "instances": [
        {
          "schema_version": 1,
          "attributes": {
            "arn": "arn:aws:ec2:eu-west-2:411251085266:security-group/sg-0781285982f61d7d6",
            "description": "Allow VPN traffic",
            "egress": [
              {
                "cidr_blocks": [
                  "0.0.0.0/0"
                ],
                "description": "",
                "from_port": 0,
                "ipv6_cidr_blocks": [],
                "prefix_list_ids": [],
                "protocol": "-1",
                "security_groups": [],
                "self": false,
                "to_port": 0
              }
            ],
            "id": "sg-0781285982f61d7d6",
            "ingress": [
              {
                "cidr_blocks": [
                  "0.0.0.0/0"
                ],
                "description": "",
                "from_port": 1194,
                "ipv6_cidr_blocks": [],
                "prefix_list_ids": [],
                "protocol": "udp",
                "security_groups": [],
                "self": false,
                "to_port": 1194
              },
              {
                "cidr_blocks": [
                  "0.0.0.0/0"
                ],
                "description": "",
                "from_port": 22,
                "ipv6_cidr_blocks": [],
                "prefix_list_ids": [],
                "protocol": "tcp",
                "security_groups": [],
                "self": false,
                "to_port": 22
              },
              {
                "cidr_blocks": [
                  "0.0.0.0/0"
                ],
                "description": "",
                "from_port": 4500,
                "ipv6_cidr_blocks": [],
                "prefix_list_ids": [],
                "protocol": "udp",
                "security_groups": [],
                "self": false,
                "to_port": 4500
              },
              {
                "cidr_blocks": [
                  "0.0.0.0/0"
                ],
                "description": "",
                "from_port": 500,
                "ipv6_cidr_blocks": [],
                "prefix_list_ids": [],
                "protocol": "udp",
                "security_groups": [],
                "self": false,
                "to_port": 500
              }
            ],
            "name": "vpn",
            "name_prefix": "",
            "owner_id": "411251085266",
            "revoke_rules_on_delete": false,
            "tags": {
              "Name": "VPN"
            },
            "timeouts": null,
            "vpc_id": "vpc-7eacde16"
          },
          "private": "eyJlMmJmYjczMC1lY2FhLTExZTYtOGY4OC0zNDM2M2JjN2M0YzAiOnsiY3JlYXRlIjo2MDAwMDAwMDAwMDAsImRlbGV0ZSI6NjAwMDAwMDAwMDAwfSwic2NoZW1hX3ZlcnNpb24iOiIxIn0="
        }
      ]
    }
  ]
}
